
Microsoft Visual Studio Solution File, Format Version 12.00
# Visual Studio Version 17
VisualStudioVersion = 17.5.33424.131
MinimumVisualStudioVersion = 10.0.40219.1
Project("{FAE04EC0-301F-11D3-BF4B-00C04F79EFBC}") = "BlogWebAPI", "BlogWebAPI.csproj", "{2F37280A-7C79-4B59-9C67-AE1C9C8E1D70}"
EndProject
Global
	GlobalSection(SolutionConfigurationPlatforms) = preSolution
		Debug|Any CPU = Debug|Any CPU
		Release|Any CPU = Release|Any CPU
	EndGlobalSection
	GlobalSection(ProjectConfigurationPlatforms) = postSolution
		{2F37280A-7C79-4B59-9C67-AE1C9C8E1D70}.Debug|Any CPU.ActiveCfg = Debug|Any CPU
		{2F37280A-7C79-4B59-9C67-AE1C9C8E1D70}.Debug|Any CPU.Build.0 = Debug|Any CPU
		{2F37280A-7C79-4B59-9C67-AE1C9C8E1D70}.Release|Any CPU.ActiveCfg = Release|Any CPU
		{2F37280A-7C79-4B59-9C67-AE1C9C8E1D70}.Release|Any CPU.Build.0 = Release|Any CPU
	EndGlobalSection
	GlobalSection(SolutionProperties) = preSolution
		HideSolutionNode = FALSE
	EndGlobalSection
	GlobalSection(ExtensibilityGlobals) = postSolution
		SolutionGuid = {9B4B3DDC-20BA-408A-915A-D95F344A9053}
	EndGlobalSection
EndGlobal
